
Microsoft Visual Studio Solution File, Format Version 12.00
# Visual Studio 15
VisualStudioVersion = 15.0.28307.645
MinimumVisualStudioVersion = 10.0.40219.1
Project("{FAE04EC0-301F-11D3-BF4B-00C04F79EFBC}") = "CustomerInquiry.Api", "CustomerInquiry.Api\CustomerInquiry.Api.csproj", "{2BFDF315-1D20-4125-9A34-DDDA9599E607}"
EndProject
Project("{FAE04EC0-301F-11D3-BF4B-00C04F79EFBC}") = "CustomerIquiry.DataAccess", "CustomerIquiry.DataAccess\CustomerIquiry.DataAccess.csproj", "{359F9ACE-4C95-43CB-9276-1FB24AB5C135}"
EndProject
Global
	GlobalSection(SolutionConfigurationPlatforms) = preSolution
		Debug|Any CPU = Debug|Any CPU
		Release|Any CPU = Release|Any CPU
	EndGlobalSection
	GlobalSection(ProjectConfigurationPlatforms) = postSolution
		{2BFDF315-1D20-4125-9A34-DDDA9599E607}.Debug|Any CPU.ActiveCfg = Debug|Any CPU
		{2BFDF315-1D20-4125-9A34-DDDA9599E607}.Debug|Any CPU.Build.0 = Debug|Any CPU
		{2BFDF315-1D20-4125-9A34-DDDA9599E607}.Release|Any CPU.ActiveCfg = Release|Any CPU
		{2BFDF315-1D20-4125-9A34-DDDA9599E607}.Release|Any CPU.Build.0 = Release|Any CPU
		{359F9ACE-4C95-43CB-9276-1FB24AB5C135}.Debug|Any CPU.ActiveCfg = Debug|Any CPU
		{359F9ACE-4C95-43CB-9276-1FB24AB5C135}.Debug|Any CPU.Build.0 = Debug|Any CPU
		{359F9ACE-4C95-43CB-9276-1FB24AB5C135}.Release|Any CPU.ActiveCfg = Release|Any CPU
		{359F9ACE-4C95-43CB-9276-1FB24AB5C135}.Release|Any CPU.Build.0 = Release|Any CPU
	EndGlobalSection
	GlobalSection(SolutionProperties) = preSolution
		HideSolutionNode = FALSE
	EndGlobalSection
	GlobalSection(ExtensibilityGlobals) = postSolution
		SolutionGuid = {89577B9D-924A-4836-938A-90B3B21F5621}
	EndGlobalSection
EndGlobal
